
Microsoft Visual Studio Solution File, Format Version 12.00
# Visual Studio Version 16
VisualStudioVersion = 16.0.29709.97
MinimumVisualStudioVersion = 10.0.40219.1
Project("{8BC9CEB8-8B4A-11D0-8D11-00A0C91BC942}") = "re-pair", "re-pair.vcxproj", "{D09516F7-02E5-433D-B99B-CC2D9097E2EC}"
EndProject
Global
	GlobalSection(SolutionConfigurationPlatforms) = preSolution
		Debug|x86 = Debug|x86
		Release|x86 = Release|x86
		SFML_STATIC|x86 = SFML_STATIC|x86
	EndGlobalSection
	GlobalSection(ProjectConfigurationPlatforms) = postSolution
		{D09516F7-02E5-433D-B99B-CC2D9097E2EC}.Debug|x86.ActiveCfg = Debug|Win32
		{D09516F7-02E5-433D-B99B-CC2D9097E2EC}.Debug|x86.Build.0 = Debug|Win32
		{D09516F7-02E5-433D-B99B-CC2D9097E2EC}.Release|x86.ActiveCfg = Release|Win32
		{D09516F7-02E5-433D-B99B-CC2D9097E2EC}.Release|x86.Build.0 = Release|Win32
		{D09516F7-02E5-433D-B99B-CC2D9097E2EC}.SFML_STATIC|x86.ActiveCfg = SFML_STATIC|Win32
		{D09516F7-02E5-433D-B99B-CC2D9097E2EC}.SFML_STATIC|x86.Build.0 = SFML_STATIC|Win32
	EndGlobalSection
	GlobalSection(SolutionProperties) = preSolution
		HideSolutionNode = FALSE
	EndGlobalSection
	GlobalSection(ExtensibilityGlobals) = postSolution
		SolutionGuid = {5EFF95E1-A4C8-4A6E-9161-20DFE2401B93}
	EndGlobalSection
EndGlobal
